
Microsoft Visual Studio Solution File, Format Version 12.00
# Visual Studio 15
VisualStudioVersion = 15.0.26730.12
MinimumVisualStudioVersion = 10.0.40219.1
Project("{FAE04EC0-301F-11D3-BF4B-00C04F79EFBC}") = "SanAndreasPostOffice", "SanAndreasPostOffice\SanAndreasPostOffice.csproj", "{79AFB0E0-8637-49C0-B578-791A9BA0C120}"
EndProject
Project("{FAE04EC0-301F-11D3-BF4B-00C04F79EFBC}") = "SanAndreasPostOffice.Tests", "SanAndreasPostOffice.Tests\SanAndreasPostOffice.Tests.csproj", "{994B4AB7-DF02-4380-985B-9C72D9CAFB49}"
EndProject
Global
	GlobalSection(SolutionConfigurationPlatforms) = preSolution
		Debug|Any CPU = Debug|Any CPU
		Release|Any CPU = Release|Any CPU
	EndGlobalSection
	GlobalSection(ProjectConfigurationPlatforms) = postSolution
		{79AFB0E0-8637-49C0-B578-791A9BA0C120}.Debug|Any CPU.ActiveCfg = Debug|Any CPU
		{79AFB0E0-8637-49C0-B578-791A9BA0C120}.Debug|Any CPU.Build.0 = Debug|Any CPU
		{79AFB0E0-8637-49C0-B578-791A9BA0C120}.Release|Any CPU.ActiveCfg = Release|Any CPU
		{79AFB0E0-8637-49C0-B578-791A9BA0C120}.Release|Any CPU.Build.0 = Release|Any CPU
		{994B4AB7-DF02-4380-985B-9C72D9CAFB49}.Debug|Any CPU.ActiveCfg = Debug|Any CPU
		{994B4AB7-DF02-4380-985B-9C72D9CAFB49}.Debug|Any CPU.Build.0 = Debug|Any CPU
		{994B4AB7-DF02-4380-985B-9C72D9CAFB49}.Release|Any CPU.ActiveCfg = Release|Any CPU
		{994B4AB7-DF02-4380-985B-9C72D9CAFB49}.Release|Any CPU.Build.0 = Release|Any CPU
	EndGlobalSection
	GlobalSection(SolutionProperties) = preSolution
		HideSolutionNode = FALSE
	EndGlobalSection
	GlobalSection(ExtensibilityGlobals) = postSolution
		SolutionGuid = {36B74DF0-247D-4943-BB99-98B0CA9F03F2}
	EndGlobalSection
EndGlobal
